dependencies:
- name: nuclio
  repository: https://nuclio.github.io/nuclio/charts
  version: 0.17.5
- name: mlrun
  repository: https://v3io.github.io/helm-charts/stable
  version: 0.9.10
- name: mpi-operator
  repository: https://v3io.github.io/helm-charts/stable
  version: 0.6.0
- name: minio
  repository: https://charts.min.io/
  version: 4.0.2
- name: spark-operator
  repository: https://googlecloudplatform.github.io/spark-on-k8s-operator
  version: 1.1.25
- name: kube-prometheus-stack
  repository: https://prometheus-community.github.io/helm-charts
  version: 41.7.2
digest: sha256:ed8d9c5337ae48b093d781228e7449138c3cb3a2abdbafb2790963ddd199b9a2
generated: "2023-05-21T15:53:53.967945+03:00"
