dependencies:
- name: nuclio
  repository: https://nuclio.github.io/nuclio/charts
  version: 0.17.4
- name: mlrun
  repository: https://v3io.github.io/helm-charts/stable
  version: 0.9.10
- name: mpi-operator
  repository: https://v3io.github.io/helm-charts/stable
  version: 0.6.0
- name: minio
  repository: https://charts.min.io/
  version: 4.0.2
- name: spark-operator
  repository: https://googlecloudplatform.github.io/spark-on-k8s-operator
  version: 1.1.25
- name: kube-prometheus-stack
  repository: https://prometheus-community.github.io/helm-charts
  version: 41.7.2
digest: sha256:48e116e2855dc41a31306c2f0120fcef53102a68c0ba51ac3cc3fbf83408168a
generated: "2023-03-07T09:05:08.498332+02:00"
