dependencies:
- name: nuclio
  repository: https://nuclio.github.io/nuclio/charts
  version: 0.21.9
- name: mlrun
  repository: https://v3io.github.io/helm-charts/stable
  version: 0.11.18
- name: mpi-operator
  repository: https://v3io.github.io/helm-charts/stable
  version: 0.6.0
- name: seaweedfs
  repository: https://seaweedfs.github.io/seaweedfs/helm
  version: 4.0.407
- name: spark-operator
  repository: https://kubeflow.github.io/spark-operator
  version: 2.1.0
- name: kube-prometheus-stack
  repository: https://prometheus-community.github.io/helm-charts
  version: 72.1.1
- name: strimzi-kafka-operator
  repository: https://strimzi.io/charts/
  version: 0.48.0
digest: sha256:f7f2ab0eaec5fb3097c09946f6de510a602293fd7f9c59c40539991b5449a6d1
generated: "2026-03-08T12:42:39.145588+02:00"
